
Microsoft Visual Studio Solution File, Format Version 12.00
# Visual Studio Version 17
VisualStudioVersion = 17.10.35201.131
MinimumVisualStudioVersion = 10.0.40219.1
Project("{9A19103F-16F7-4668-BE54-9A1E7A4F7556}") = "CityInfo.API", "cityInfp.API\CityInfo.API.csproj", "{65DB9A9F-D794-4B4A-9930-C92EDE5F1820}"
EndProject
Global
	GlobalSection(SolutionConfigurationPlatforms) = preSolution
		Debug|Any CPU = Debug|Any CPU
		Release|Any CPU = Release|Any CPU
	EndGlobalSection
	GlobalSection(ProjectConfigurationPlatforms) = postSolution
		{65DB9A9F-D794-4B4A-9930-C92EDE5F1820}.Debug|Any CPU.ActiveCfg = Debug|Any CPU
		{65DB9A9F-D794-4B4A-9930-C92EDE5F1820}.Debug|Any CPU.Build.0 = Debug|Any CPU
		{65DB9A9F-D794-4B4A-9930-C92EDE5F1820}.Release|Any CPU.ActiveCfg = Release|Any CPU
		{65DB9A9F-D794-4B4A-9930-C92EDE5F1820}.Release|Any CPU.Build.0 = Release|Any CPU
	EndGlobalSection
	GlobalSection(SolutionProperties) = preSolution
		HideSolutionNode = FALSE
	EndGlobalSection
	GlobalSection(ExtensibilityGlobals) = postSolution
		SolutionGuid = {C267FDA2-40C9-4C4C-9F4B-B226FA332365}
	EndGlobalSection
EndGlobal
